
Microsoft Visual Studio Solution File, Format Version 12.00
# Visual Studio Version 16
VisualStudioVersion = 16.0.30114.105
MinimumVisualStudioVersion = 10.0.40219.1
Project("{FAE04EC0-301F-11D3-BF4B-00C04F79EFBC}") = "SafariExplorerBuisness", "SafariExplorerBuisness\SafariExplorerBuisness.csproj", "{15D6BA7C-9045-49F3-A75B-661F93E41402}"
EndProject
Project("{FAE04EC0-301F-11D3-BF4B-00C04F79EFBC}") = "SafariExplorerBuisnessTests", "SafariExplorerBuisnessTests\SafariExplorerBuisnessTests.csproj", "{C37FB67F-D555-4D93-97FF-736895784CA8}"
EndProject
Project("{FAE04EC0-301F-11D3-BF4B-00C04F79EFBC}") = "SafariExplorerWPF", "SafariExplorerWPF\SafariExplorerWPF.csproj", "{A08DC398-63ED-4977-9909-F4328A688367}"
EndProject
Project("{FAE04EC0-301F-11D3-BF4B-00C04F79EFBC}") = "SE_CodeModel", "SE_CodeModel\SE_CodeModel.csproj", "{61CB3F8E-127F-4305-B16C-2465D8525951}"
EndProject
Global
	GlobalSection(SolutionConfigurationPlatforms) = preSolution
		Debug|Any CPU = Debug|Any CPU
		Release|Any CPU = Release|Any CPU
	EndGlobalSection
	GlobalSection(ProjectConfigurationPlatforms) = postSolution
		{15D6BA7C-9045-49F3-A75B-661F93E41402}.Debug|Any CPU.ActiveCfg = Debug|Any CPU
		{15D6BA7C-9045-49F3-A75B-661F93E41402}.Debug|Any CPU.Build.0 = Debug|Any CPU
		{15D6BA7C-9045-49F3-A75B-661F93E41402}.Release|Any CPU.ActiveCfg = Release|Any CPU
		{15D6BA7C-9045-49F3-A75B-661F93E41402}.Release|Any CPU.Build.0 = Release|Any CPU
		{C37FB67F-D555-4D93-97FF-736895784CA8}.Debug|Any CPU.ActiveCfg = Debug|Any CPU
		{C37FB67F-D555-4D93-97FF-736895784CA8}.Debug|Any CPU.Build.0 = Debug|Any CPU
		{C37FB67F-D555-4D93-97FF-736895784CA8}.Release|Any CPU.ActiveCfg = Release|Any CPU
		{C37FB67F-D555-4D93-97FF-736895784CA8}.Release|Any CPU.Build.0 = Release|Any CPU
		{A08DC398-63ED-4977-9909-F4328A688367}.Debug|Any CPU.ActiveCfg = Debug|Any CPU
		{A08DC398-63ED-4977-9909-F4328A688367}.Debug|Any CPU.Build.0 = Debug|Any CPU
		{A08DC398-63ED-4977-9909-F4328A688367}.Release|Any CPU.ActiveCfg = Release|Any CPU
		{A08DC398-63ED-4977-9909-F4328A688367}.Release|Any CPU.Build.0 = Release|Any CPU
		{61CB3F8E-127F-4305-B16C-2465D8525951}.Debug|Any CPU.ActiveCfg = Debug|Any CPU
		{61CB3F8E-127F-4305-B16C-2465D8525951}.Debug|Any CPU.Build.0 = Debug|Any CPU
		{61CB3F8E-127F-4305-B16C-2465D8525951}.Release|Any CPU.ActiveCfg = Release|Any CPU
		{61CB3F8E-127F-4305-B16C-2465D8525951}.Release|Any CPU.Build.0 = Release|Any CPU
	EndGlobalSection
	GlobalSection(SolutionProperties) = preSolution
		HideSolutionNode = FALSE
	EndGlobalSection
	GlobalSection(ExtensibilityGlobals) = postSolution
		SolutionGuid = {2B2CE855-C40A-491B-B6DC-4999F9D88491}
	EndGlobalSection
EndGlobal
